{
  "name": "brainf-interpreter",
  "version": "1.0.0",
  "lockfileVersion": 3,
  "requires": true,
  "packages": {
    "": {
      "name": "brainf-interpreter",
      "version": "1.0.0",
      "license": "ISC",
      "dependencies": {
        "fs": "^0.0.1-security",
        "fsp": "^0.1.2",
        "undici-types": "^5.26.5"
      },
      "devDependencies": {
        "@types/node": "^20.12.7"
      }
    },
    "node_modules/@types/node": {
      "version": "20.12.7",
      "resolved": "https://registry.npmjs.org/@types/node/-/node-20.12.7.tgz",
      "integrity": "sha512-wq0cICSkRLVaf3UGLMGItu/PtdY7oaXaI/RVU+xliKVOtRna3PRY57ZDfztpDL0n11vfymMUnXv8QwYCO7L1wg==",
      "dev": true,
      "dependencies": {
        "undici-types": "~5.26.4"
      }
    },
    "node_modules/fs": {
      "version": "0.0.1-security",
      "resolved": "https://registry.npmjs.org/fs/-/fs-0.0.1-security.tgz",
      "integrity": "sha512-3XY9e1pP0CVEUCdj5BmfIZxRBTSDycnbqhIOGec9QYtmVH2fbLpj86CFWkrNOkt/Fvty4KZG5lTglL9j/gJ87w=="
    },
    "node_modules/fs-exists": {
      "version": "0.1.1",
      "resolved": "https://registry.npmjs.org/fs-exists/-/fs-exists-0.1.1.tgz",
      "integrity": "sha512-3t/3hbOzkQKpYi0Ib4L+m3W/Bkl8zchJmk8cYtR/6i8J4cvqKLVn/En4qBiAl5uXnX3WMDB/k3fbdWXTa+xF6w==",
      "engines": {
        "node": "0.10.x",
        "npm": "1.2.x"
      }
    },
    "node_modules/fsp": {
      "version": "0.1.2",
      "resolved": "https://registry.npmjs.org/fsp/-/fsp-0.1.2.tgz",
      "integrity": "sha512-rTBy+06ugFTn/R7U8YUKyX6+fa+5h5kUbioNIfs8iOhfg+/u1nuI7UNNfeXRlJ6Ngcm0ZIMHTe6g/Q51h24qcA==",
      "dependencies": {
        "fs-exists": "*",
        "when": ">=3.6.2"
      },
      "engines": {
        "node": "0.10.x"
      }
    },
    "node_modules/undici-types": {
      "version": "5.26.5",
      "resolved": "https://registry.npmjs.org/undici-types/-/undici-types-5.26.5.tgz",
      "integrity": "sha512-JlCMO+ehdEIKqlFxk6IfVoAUVmgz7cU7zD/h9XZ0qzeosSHmUJVOzSQvvYSYWXkFXC+IfLKSIffhv0sVZup6pA=="
    },
    "node_modules/when": {
      "version": "3.7.8",
      "resolved": "https://registry.npmjs.org/when/-/when-3.7.8.tgz",
      "integrity": "sha512-5cZ7mecD3eYcMiCH4wtRPA5iFJZ50BJYDfckI5RRpQiktMiYTcn0ccLTZOvcbBume+1304fQztxeNzNS9Gvrnw=="
    }
  }
}
